// !$*UTF8*$!
{
	archiveVersion = 1;
	classes = {
	};
	objectVersion = 77;
	objects = {

/* Begin PBXBuildFile section */
		FAB461882CAB460F003B4E43 /* SearchBar.swift in Sources */ = {isa = PBXBuildFile; fileRef = FAB461872CAB460F003B4E43 /* SearchBar.swift */; };
/* End PBXBuildFile section */

/* Begin PBXContainerItemProxy section */
		FAA758652CA88E29009F4930 /* PBXContainerItemProxy */ = {
			isa = PBXContainerItemProxy;
			containerPortal = FAA7584C2CA88E28009F4930 /* Project object */;
			proxyType = 1;
			remoteGlobalIDString = FAA758532CA88E28009F4930;
			remoteInfo = KeyboardBarApp;
		};
		FAA7586F2CA88E29009F4930 /* PBXContainerItemProxy */ = {
			isa = PBXContainerItemProxy;
			containerPortal = FAA7584C2CA88E28009F4930 /* Project object */;
			proxyType = 1;
			remoteGlobalIDString = FAA758532CA88E28009F4930;
			remoteInfo = KeyboardBarApp;
		};
/* End PBXContainerItemProxy section */

/* Begin PBXFileReference section */
		FAA758542CA88E28009F4930 /* KeyboardBarApp.app */ = {isa = PBXFileReference; explicitFileType = wrapper.application; includeInIndex = 0; path = KeyboardBarApp.app; sourceTree = BUILT_PRODUCTS_DIR; };
		FAA758642CA88E29009F4930 /* KeyboardBarAppTests.xctest */ = {isa = PBXFileReference; explicitFileType = wrapper.cfbundle; includeInIndex = 0; path = KeyboardBarAppTests.xctest; sourceTree = BUILT_PRODUCTS_DIR; };
		FAA7586E2CA88E29009F4930 /* KeyboardBarAppUITests.xctest */ = {isa = PBXFileReference; explicitFileType = wrapper.cfbundle; includeInIndex = 0; path = KeyboardBarAppUITests.xctest; sourceTree = BUILT_PRODUCTS_DIR; };
		FAB461872CAB460F003B4E43 /* SearchBar.swift */ = {isa = PBXFileReference; lastKnownFileType = sourcecode.swift; name = SearchBar.swift; path = KeyboardBarApp/SearchBar.swift; sourceTree = "<group>"; };
/* End PBXFileReference section */

/* Begin PBXFileSystemSynchronizedRootGroup section */
		FAA758562CA88E28009F4930 /* KeyboardBarApp */ = {
			isa = PBXFileSystemSynchronizedRootGroup;
			path = KeyboardBarApp;
			sourceTree = "<group>";
		};
		FAA758672CA88E29009F4930 /* KeyboardBarAppTests */ = {
			isa = PBXFileSystemSynchronizedRootGroup;
			path = KeyboardBarAppTests;
			sourceTree = "<group>";
		};
		FAA758712CA88E29009F4930 /* KeyboardBarAppUITests */ = {
			isa = PBXFileSystemSynchronizedRootGroup;
			path = KeyboardBarAppUITests;
			sourceTree = "<group>";
		};
/* End PBXFileSystemSynchronizedRootGroup section */

/* Begin PBXFrameworksBuildPhase section */
		FAA758512CA88E28009F4930 /* Frameworks */ = {
			isa = PBXFrameworksBuildPhase;
			buildActionMask = 2147483647;
			files = (
			);
			runOnlyForDeploymentPostprocessing = 0;
		};
		FAA758612CA88E29009F4930 /* Frameworks */ = {
			isa = PBXFrameworksBuildPhase;
			buildActionMask = 2147483647;
			files = (
			);
			runOnlyForDeploymentPostprocessing = 0;
		};
		FAA7586B2CA88E29009F4930 /* Frameworks */ = {
			isa = PBXFrameworksBuildPhase;
			buildActionMask = 2147483647;
			files = (
			);
			runOnlyForDeploymentPostprocessing = 0;
		};
/* End PBXFrameworksBuildPhase section */

/* Begin PBXGroup section */
		FAA7584B2CA88E28009F4930 = {
			isa = PBXGroup;
			children = (
				FAB461872CAB460F003B4E43 /* SearchBar.swift */,
				FAA758562CA88E28009F4930 /* KeyboardBarApp */,
				FAA758672CA88E29009F4930 /* KeyboardBarAppTests */,
				FAA758712CA88E29009F4930 /* KeyboardBarAppUITests */,
				FAA758552CA88E28009F4930 /* Products */,
			);
			sourceTree = "<group>";
		};
		FAA758552CA88E28009F4930 /* Products */ = {
			isa = PBXGroup;
			children = (
				FAA758542CA88E28009F4930 /* KeyboardBarApp.app */,
				FAA758642CA88E29009F4930 /* KeyboardBarAppTests.xctest */,
				FAA7586E2CA88E29009F4930 /* KeyboardBarAppUITests.xctest */,
			);
			name = Products;
			sourceTree = "<group>";
		};
/* End PBXGroup section */

/* Begin PBXNativeTarget section */
		FAA758532CA88E28009F4930 /* KeyboardBarApp */ = {
			isa = PBXNativeTarget;
			buildConfigurationList = FAA758782CA88E29009F4930 /* Build configuration list for PBXNativeTarget "KeyboardBarApp" */;
			buildPhases = (
				FAA758502CA88E28009F4930 /* Sources */,
				FAA758512CA88E28009F4930 /* Frameworks */,
				FAA758522CA88E28009F4930 /* Resources */,
			);
			buildRules = (
			);
			dependencies = (
			);
			fileSystemSynchronizedGroups = (
				FAA758562CA88E28009F4930 /* KeyboardBarApp */,
			);
			name = KeyboardBarApp;
			packageProductDependencies = (
			);
			productName = KeyboardBarApp;
			productReference = FAA758542CA88E28009F4930 /* KeyboardBarApp.app */;
			productType = "com.apple.product-type.application";
		};
		FAA758632CA88E29009F4930 /* KeyboardBarAppTests */ = {
			isa = PBXNativeTarget;
			buildConfigurationList = FAA7587B2CA88E29009F4930 /* Build configuration list for PBXNativeTarget "KeyboardBarAppTests" */;
			buildPhases = (
				FAA758602CA88E29009F4930 /* Sources */,
				FAA758612CA88E29009F4930 /* Frameworks */,
				FAA758622CA88E29009F4930 /* Resources */,
			);
			buildRules = (
			);
			dependencies = (
				FAA758662CA88E29009F4930 /* PBXTargetDependency */,
			);
			fileSystemSynchronizedGroups = (
				FAA758672CA88E29009F4930 /* KeyboardBarAppTests */,
			);
			name = KeyboardBarAppTests;
			packageProductDependencies = (
			);
			productName = KeyboardBarAppTests;
			productReference = FAA758642CA88E29009F4930 /* KeyboardBarAppTests.xctest */;
			productType = "com.apple.product-type.bundle.unit-test";
		};
		FAA7586D2CA88E29009F4930 /* KeyboardBarAppUITests */ = {
			isa = PBXNativeTarget;
			buildConfigurationList = FAA7587E2CA88E29009F4930 /* Build configuration list for PBXNativeTarget "KeyboardBarAppUITests" */;
			buildPhases = (
				FAA7586A2CA88E29009F4930 /* Sources */,
				FAA7586B2CA88E29009F4930 /* Frameworks */,
				FAA7586C2CA88E29009F4930 /* Resources */,
			);
			buildRules = (
			);
			dependencies = (
				FAA758702CA88E29009F4930 /* PBXTargetDependency */,
			);
			fileSystemSynchronizedGroups = (
				FAA758712CA88E29009F4930 /* KeyboardBarAppUITests */,
			);
			name = KeyboardBarAppUITests;
			packageProductDependencies = (
			);
			productName = KeyboardBarAppUITests;
			productReference = FAA7586E2CA88E29009F4930 /* KeyboardBarAppUITests.xctest */;
			productType = "com.apple.product-type.bundle.ui-testing";
		};
/* End PBXNativeTarget section */

/* Begin PBXProject section */
		FAA7584C2CA88E28009F4930 /* Project object */ = {
			isa = PBXProject;
			attributes = {
				BuildIndependentTargetsInParallel = 1;
				LastSwiftUpdateCheck = 1600;
				LastUpgradeCheck = 1600;
				TargetAttributes = {
					FAA758532CA88E28009F4930 = {
						CreatedOnToolsVersion = 16.0;
					};
					FAA758632CA88E29009F4930 = {
						CreatedOnToolsVersion = 16.0;
						TestTargetID = FAA758532CA88E28009F4930;
					};
					FAA7586D2CA88E29009F4930 = {
						CreatedOnToolsVersion = 16.0;
						TestTargetID = FAA758532CA88E28009F4930;
					};
				};
			};
			buildConfigurationList = FAA7584F2CA88E28009F4930 /* Build configuration list for PBXProject "KeyboardBarApp" */;
			developmentRegion = en;
			hasScannedForEncodings = 0;
			knownRegions = (
				en,
				Base,
			);
			mainGroup = FAA7584B2CA88E28009F4930;
			minimizedProjectReferenceProxies = 1;
			preferredProjectObjectVersion = 77;
			productRefGroup = FAA758552CA88E28009F4930 /* Products */;
			projectDirPath = "";
			projectRoot = "";
			targets = (
				FAA758532CA88E28009F4930 /* KeyboardBarApp */,
				FAA758632CA88E29009F4930 /* KeyboardBarAppTests */,
				FAA7586D2CA88E29009F4930 /* KeyboardBarAppUITests */,
			);
		};
/* End PBXProject section */

/* Begin PBXResourcesBuildPhase section */
		FAA758522CA88E28009F4930 /* Resources */ = {
			isa = PBXResourcesBuildPhase;
			buildActionMask = 2147483647;
			files = (
			);
			runOnlyForDeploymentPostprocessing = 0;
		};
		FAA758622CA88E29009F4930 /* Resources */ = {
			isa = PBXResourcesBuildPhase;
			buildActionMask = 2147483647;
			files = (
			);
			runOnlyForDeploymentPostprocessing = 0;
		};
		FAA7586C2CA88E29009F4930 /* Resources */ = {
			isa = PBXResourcesBuildPhase;
			buildActionMask = 2147483647;
			files = (
			);
			runOnlyForDeploymentPostprocessing = 0;
		};
/* End PBXResourcesBuildPhase section */

/* Begin PBXSourcesBuildPhase section */
		FAA758502CA88E28009F4930 /* Sources */ = {
			isa = PBXSourcesBuildPhase;
			buildActionMask = 2147483647;
			files = (
				FAB461882CAB460F003B4E43 /* SearchBar.swift in Sources */,
			);
			runOnlyForDeploymentPostprocessing = 0;
		};
		FAA758602CA88E29009F4930 /* Sources */ = {
			isa = PBXSourcesBuildPhase;
			buildActionMask = 2147483647;
			files = (
			);
			runOnlyForDeploymentPostprocessing = 0;
		};
		FAA7586A2CA88E29009F4930 /* Sources */ = {
			isa = PBXSourcesBuildPhase;
			buildActionMask = 2147483647;
			files = (
			);
			runOnlyForDeploymentPostprocessing = 0;
		};
/* End PBXSourcesBuildPhase section */

/* Begin PBXTargetDependency section */
		FAA758662CA88E29009F4930 /* PBXTargetDependency */ = {
			isa = PBXTargetDependency;
			target = FAA758532CA88E28009F4930 /* KeyboardBarApp */;
			targetProxy = FAA758652CA88E29009F4930 /* PBXContainerItemProxy */;
		};
		FAA758702CA88E29009F4930 /* PBXTargetDependency */ = {
			isa = PBXTargetDependency;
			target = FAA758532CA88E28009F4930 /* KeyboardBarApp */;
			targetProxy = FAA7586F2CA88E29009F4930 /* PBXContainerItemProxy */;
		};
/* End PBXTargetDependency section */

/* Begin XCBuildConfiguration section */
		FAA758762CA88E29009F4930 /* Debug */ = {
			isa = XCBuildConfiguration;
			buildSettings = {
				ALWAYS_SEARCH_USER_PATHS = NO;
				ASSETCATALOG_COMPILER_GENERATE_SWIFT_ASSET_SYMBOL_EXTENSIONS = YES;
				CLANG_ANALYZER_NONNULL = YES;
				CLANG_ANALYZER_NUMBER_OBJECT_CONVERSION = YES_AGGRESSIVE;
				CLANG_CXX_LANGUAGE_STANDARD = "gnu++20";
				CLANG_ENABLE_MODULES = YES;
				CLANG_ENABLE_OBJC_ARC = YES;
				CLANG_ENABLE_OBJC_WEAK = YES;
				CLANG_WARN_BLOCK_CAPTURE_AUTORELEASING = YES;
				CLANG_WARN_BOOL_CONVERSION = YES;
				CLANG_WARN_COMMA = YES;
				CLANG_WARN_CONSTANT_CONVERSION = YES;
				CLANG_WARN_DEPRECATED_OBJC_IMPLEMENTATIONS = YES;
				CLANG_WARN_DIRECT_OBJC_ISA_USAGE = YES_ERROR;
				CLANG_WARN_DOCUMENTATION_COMMENTS = YES;
				CLANG_WARN_EMPTY_BODY = YES;
				CLANG_WARN_ENUM_CONVERSION = YES;
				CLANG_WARN_INFINITE_RECURSION = YES;
				CLANG_WARN_INT_CONVERSION = YES;
				CLANG_WARN_NON_LITERAL_NULL_CONVERSION = YES;
				CLANG_WARN_OBJC_IMPLICIT_RETAIN_SELF = YES;
				CLANG_WARN_OBJC_LITERAL_CONVERSION = YES;
				CLANG_WARN_OBJC_ROOT_CLASS = YES_ERROR;
				CLANG_WARN_QUOTED_INCLUDE_IN_FRAMEWORK_HEADER = YES;
				CLANG_WARN_RANGE_LOOP_ANALYSIS = YES;
				CLANG_WARN_STRICT_PROTOTYPES = YES;
				CLANG_WARN_SUSPICIOUS_MOVE = YES;
				CLANG_WARN_UNGUARDED_AVAILABILITY = YES_AGGRESSIVE;
				CLANG_WARN_UNREACHABLE_CODE = YES;
				CLANG_WARN__DUPLICATE_METHOD_MATCH = YES;
				COPY_PHASE_STRIP = NO;
				DEBUG_INFORMATION_FORMAT = dwarf;
				ENABLE_STRICT_OBJC_MSGSEND = YES;
				ENABLE_TESTABILITY = YES;
				ENABLE_USER_SCRIPT_SANDBOXING = YES;
				GCC_C_LANGUAGE_STANDARD = gnu17;
				GCC_DYNAMIC_NO_PIC = NO;
				GCC_NO_COMMON_BLOCKS = YES;
				GCC_OPTIMIZATION_LEVEL = 0;
				GCC_PREPROCESSOR_DEFINITIONS = (
					"DEBUG=1",
					"$(inherited)",
				);
				GCC_WARN_64_TO_32_BIT_CONVERSION = YES;
				GCC_WARN_ABOUT_RETURN_TYPE = YES_ERROR;
				GCC_WARN_UNDECLARED_SELECTOR = YES;
				GCC_WARN_UNINITIALIZED_AUTOS = YES_AGGRESSIVE;
				GCC_WARN_UNUSED_FUNCTION = YES;
				GCC_WARN_UNUSED_VARIABLE = YES;
				IPHONEOS_DEPLOYMENT_TARGET = 18.0;
				LOCALIZATION_PREFERS_STRING_CATALOGS = YES;
				MTL_ENABLE_DEBUG_INFO = INCLUDE_SOURCE;
				MTL_FAST_MATH = YES;
				ONLY_ACTIVE_ARCH = YES;
				SDKROOT = iphoneos;
				SWIFT_ACTIVE_COMPILATION_CONDITIONS = "DEBUG $(inherited)";
				SWIFT_OPTIMIZATION_LEVEL = "-Onone";
			};
			name = Debug;
		};
		FAA758772CA88E29009F4930 /* Release */ = {
			isa = XCBuildConfiguration;
			buildSettings = {
				ALWAYS_SEARCH_USER_PATHS = NO;
				ASSETCATALOG_COMPILER_GENERATE_SWIFT_ASSET_SYMBOL_EXTENSIONS = YES;
				CLANG_ANALYZER_NONNULL = YES;
				CLANG_ANALYZER_NUMBER_OBJECT_CONVERSION = YES_AGGRESSIVE;
				CLANG_CXX_LANGUAGE_STANDARD = "gnu++20";
				CLANG_ENABLE_MODULES = YES;
				CLANG_ENABLE_OBJC_ARC = YES;
				CLANG_ENABLE_OBJC_WEAK = YES;
				CLANG_WARN_BLOCK_CAPTURE_AUTORELEASING = YES;
				CLANG_WARN_BOOL_CONVERSION = YES;
				CLANG_WARN_COMMA = YES;
				CLANG_WARN_CONSTANT_CONVERSION = YES;
				CLANG_WARN_DEPRECATED_OBJC_IMPLEMENTATIONS = YES;
				CLANG_WARN_DIRECT_OBJC_ISA_USAGE = YES_ERROR;
				CLANG_WARN_DOCUMENTATION_COMMENTS = YES;
				CLANG_WARN_EMPTY_BODY = YES;
				CLANG_WARN_ENUM_CONVERSION = YES;
				CLANG_WARN_INFINITE_RECURSION = YES;
				CLANG_WARN_INT_CONVERSION = YES;
				CLANG_WARN_NON_LITERAL_NULL_CONVERSION = YES;
				CLANG_WARN_OBJC_IMPLICIT_RETAIN_SELF = YES;
				CLANG_WARN_OBJC_LITERAL_CONVERSION = YES;
				CLANG_WARN_OBJC_ROOT_CLASS = YES_ERROR;
				CLANG_WARN_QUOTED_INCLUDE_IN_FRAMEWORK_HEADER = YES;
				CLANG_WARN_RANGE_LOOP_ANALYSIS = YES;
				CLANG_WARN_STRICT_PROTOTYPES = YES;
				CLANG_WARN_SUSPICIOUS_MOVE = YES;
				CLANG_WARN_UNGUARDED_AVAILABILITY = YES_AGGRESSIVE;
				CLANG_WARN_UNREACHABLE_CODE = YES;
				CLANG_WARN__DUPLICATE_METHOD_MATCH = YES;
				COPY_PHASE_STRIP = NO;
				DEBUG_INFORMATION_FORMAT = "dwarf-with-dsym";
				ENABLE_NS_ASSERTIONS = NO;
				ENABLE_STRICT_OBJC_MSGSEND = YES;
				ENABLE_USER_SCRIPT_SANDBOXING = YES;
				GCC_C_LANGUAGE_STANDARD = gnu17;
				GCC_NO_COMMON_BLOCKS = YES;
				GCC_WARN_64_TO_32_BIT_CONVERSION = YES;
				GCC_WARN_ABOUT_RETURN_TYPE = YES_ERROR;
				GCC_WARN_UNDECLARED_SELECTOR = YES;
				GCC_WARN_UNINITIALIZED_AUTOS = YES_AGGRESSIVE;
				GCC_WARN_UNUSED_FUNCTION = YES;
				GCC_WARN_UNUSED_VARIABLE = YES;
				IPHONEOS_DEPLOYMENT_TARGET = 18.0;
				LOCALIZATION_PREFERS_STRING_CATALOGS = YES;
				MTL_ENABLE_DEBUG_INFO = NO;
				MTL_FAST_MATH = YES;
				SDKROOT = iphoneos;
				SWIFT_COMPILATION_MODE = wholemodule;
				VALIDATE_PRODUCT = YES;
			};
			name = Release;
		};
		FAA758792CA88E29009F4930 /* Debug */ = {
			isa = XCBuildConfiguration;
			buildSettings = {
				ASSETCATALOG_COMPILER_APPICON_NAME = AppIcon;
				ASSETCATALOG_COMPILER_GLOBAL_ACCENT_COLOR_NAME = AccentColor;
				CODE_SIGN_STYLE = Automatic;
				CURRENT_PROJECT_VERSION = 1;
				DEVELOPMENT_ASSET_PATHS = "\"KeyboardBarApp/Preview Content\"";
				DEVELOPMENT_TEAM = GAW47D4MAE;
				ENABLE_PREVIEWS = YES;
				GENERATE_INFOPLIST_FILE = YES;
				INFOPLIST_KEY_UIApplicationSceneManifest_Generation = YES;
				INFOPLIST_KEY_UIApplicationSupportsIndirectInputEvents = YES;
				INFOPLIST_KEY_UILaunchScreen_Generation = YES;
				INFOPLIST_KEY_UISupportedInterfaceOrientations_iPad = "UIInterfaceOrientationPortrait UIInterfaceOrientationPortraitUpsideDown UIInterfaceOrientationLandscapeLeft UIInterfaceOrientationLandscapeRight";
				INFOPLIST_KEY_UISupportedInterfaceOrientations_iPhone = "UIInterfaceOrientationPortrait UIInterfaceOrientationLandscapeLeft UIInterfaceOrientationLandscapeRight";
				LD_RUNPATH_SEARCH_PATHS = (
					"$(inherited)",
					"@executable_path/Frameworks",
				);
				MARKETING_VERSION = 1.0;
				PRODUCT_BUNDLE_IDENTIFIER = com.C3.KeyboardBarApp;
				PRODUCT_NAME = "$(TARGET_NAME)";
				SWIFT_EMIT_LOC_STRINGS = YES;
				SWIFT_VERSION = 5.0;
				TARGETED_DEVICE_FAMILY = "1,2";
			};
			name = Debug;
		};
		FAA7587A2CA88E29009F4930 /* Release */ = {
			isa = XCBuildConfiguration;
			buildSettings = {
				ASSETCATALOG_COMPILER_APPICON_NAME = AppIcon;
				ASSETCATALOG_COMPILER_GLOBAL_ACCENT_COLOR_NAME = AccentColor;
				CODE_SIGN_STYLE = Automatic;
				CURRENT_PROJECT_VERSION = 1;
				DEVELOPMENT_ASSET_PATHS = "\"KeyboardBarApp/Preview Content\"";
				DEVELOPMENT_TEAM = GAW47D4MAE;
				ENABLE_PREVIEWS = YES;
				GENERATE_INFOPLIST_FILE = YES;
				INFOPLIST_KEY_UIApplicationSceneManifest_Generation = YES;
				INFOPLIST_KEY_UIApplicationSupportsIndirectInputEvents = YES;
				INFOPLIST_KEY_UILaunchScreen_Generation = YES;
				INFOPLIST_KEY_UISupportedInterfaceOrientations_iPad = "UIInterfaceOrientationPortrait UIInterfaceOrientationPortraitUpsideDown UIInterfaceOrientationLandscapeLeft UIInterfaceOrientationLandscapeRight";
				INFOPLIST_KEY_UISupportedInterfaceOrientations_iPhone = "UIInterfaceOrientationPortrait UIInterfaceOrientationLandscapeLeft UIInterfaceOrientationLandscapeRight";
				LD_RUNPATH_SEARCH_PATHS = (
					"$(inherited)",
					"@executable_path/Frameworks",
				);
				MARKETING_VERSION = 1.0;
				PRODUCT_BUNDLE_IDENTIFIER = com.C3.KeyboardBarApp;
				PRODUCT_NAME = "$(TARGET_NAME)";
				SWIFT_EMIT_LOC_STRINGS = YES;
				SWIFT_VERSION = 5.0;
				TARGETED_DEVICE_FAMILY = "1,2";
			};
			name = Release;
		};
		FAA7587C2CA88E29009F4930 /* Debug */ = {
			isa = XCBuildConfiguration;
			buildSettings = {
				BUNDLE_LOADER = "$(TEST_HOST)";
				CODE_SIGN_STYLE = Automatic;
				CURRENT_PROJECT_VERSION = 1;
				DEVELOPMENT_TEAM = GAW47D4MAE;
				GENERATE_INFOPLIST_FILE = YES;
				IPHONEOS_DEPLOYMENT_TARGET = 18.0;
				MARKETING_VERSION = 1.0;
				PRODUCT_BUNDLE_IDENTIFIER = com.C3.KeyboardBarAppTests;
				PRODUCT_NAME = "$(TARGET_NAME)";
				SWIFT_EMIT_LOC_STRINGS = NO;
				SWIFT_VERSION = 5.0;
				TARGETED_DEVICE_FAMILY = "1,2";
				TEST_HOST = "$(BUILT_PRODUCTS_DIR)/KeyboardBarApp.app/$(BUNDLE_EXECUTABLE_FOLDER_PATH)/KeyboardBarApp";
			};
			name = Debug;
		};
		FAA7587D2CA88E29009F4930 /* Release */ = {
			isa = XCBuildConfiguration;
			buildSettings = {
				BUNDLE_LOADER = "$(TEST_HOST)";
				CODE_SIGN_STYLE = Automatic;
				CURRENT_PROJECT_VERSION = 1;
				DEVELOPMENT_TEAM = GAW47D4MAE;
				GENERATE_INFOPLIST_FILE = YES;
				IPHONEOS_DEPLOYMENT_TARGET = 18.0;
				MARKETING_VERSION = 1.0;
				PRODUCT_BUNDLE_IDENTIFIER = com.C3.KeyboardBarAppTests;
				PRODUCT_NAME = "$(TARGET_NAME)";
				SWIFT_EMIT_LOC_STRINGS = NO;
				SWIFT_VERSION = 5.0;
				TARGETED_DEVICE_FAMILY = "1,2";
				TEST_HOST = "$(BUILT_PRODUCTS_DIR)/KeyboardBarApp.app/$(BUNDLE_EXECUTABLE_FOLDER_PATH)/KeyboardBarApp";
			};
			name = Release;
		};
		FAA7587F2CA88E29009F4930 /* Debug */ = {
			isa = XCBuildConfiguration;
			buildSettings = {
				CODE_SIGN_STYLE = Automatic;
				CURRENT_PROJECT_VERSION = 1;
				DEVELOPMENT_TEAM = GAW47D4MAE;
				GENERATE_INFOPLIST_FILE = YES;
				MARKETING_VERSION = 1.0;
				PRODUCT_BUNDLE_IDENTIFIER = com.C3.KeyboardBarAppUITests;
				PRODUCT_NAME = "$(TARGET_NAME)";
				SWIFT_EMIT_LOC_STRINGS = NO;
				SWIFT_VERSION = 5.0;
				TARGETED_DEVICE_FAMILY = "1,2";
				TEST_TARGET_NAME = KeyboardBarApp;
			};
			name = Debug;
		};
		FAA758802CA88E29009F4930 /* Release */ = {
			isa = XCBuildConfiguration;
			buildSettings = {
				CODE_SIGN_STYLE = Automatic;
				CURRENT_PROJECT_VERSION = 1;
				DEVELOPMENT_TEAM = GAW47D4MAE;
				GENERATE_INFOPLIST_FILE = YES;
				MARKETING_VERSION = 1.0;
				PRODUCT_BUNDLE_IDENTIFIER = com.C3.KeyboardBarAppUITests;
				PRODUCT_NAME = "$(TARGET_NAME)";
				SWIFT_EMIT_LOC_STRINGS = NO;
				SWIFT_VERSION = 5.0;
				TARGETED_DEVICE_FAMILY = "1,2";
				TEST_TARGET_NAME = KeyboardBarApp;
			};
			name = Release;
		};
/* End XCBuildConfiguration section */

/* Begin XCConfigurationList section */
		FAA7584F2CA88E28009F4930 /* Build configuration list for PBXProject "KeyboardBarApp" */ = {
			isa = XCConfigurationList;
			buildConfigurations = (
				FAA758762CA88E29009F4930 /* Debug */,
				FAA758772CA88E29009F4930 /* Release */,
			);
			defaultConfigurationIsVisible = 0;
			defaultConfigurationName = Release;
		};
		FAA758782CA88E29009F4930 /* Build configuration list for PBXNativeTarget "KeyboardBarApp" */ = {
			isa = XCConfigurationList;
			buildConfigurations = (
				FAA758792CA88E29009F4930 /* Debug */,
				FAA7587A2CA88E29009F4930 /* Release */,
			);
			defaultConfigurationIsVisible = 0;
			defaultConfigurationName = Release;
		};
		FAA7587B2CA88E29009F4930 /* Build configuration list for PBXNativeTarget "KeyboardBarAppTests" */ = {
			isa = XCConfigurationList;
			buildConfigurations = (
				FAA7587C2CA88E29009F4930 /* Debug */,
				FAA7587D2CA88E29009F4930 /* Release */,
			);
			defaultConfigurationIsVisible = 0;
			defaultConfigurationName = Release;
		};
		FAA7587E2CA88E29009F4930 /* Build configuration list for PBXNativeTarget "KeyboardBarAppUITests" */ = {
			isa = XCConfigurationList;
			buildConfigurations = (
				FAA7587F2CA88E29009F4930 /* Debug */,
				FAA758802CA88E29009F4930 /* Release */,
			);
			defaultConfigurationIsVisible = 0;
			defaultConfigurationName = Release;
		};
/* End XCConfigurationList section */
	};
	rootObject = FAA7584C2CA88E28009F4930 /* Project object */;
}
